// !$*UTF8*$!
{
	archiveVersion = 1;
	classes = {
	};
	objectVersion = 56;
	objects = {

/* Begin PBXBuildFile section */
		1A10DDDD2B6D04690020EBB0 /* HourDivider.swift in Sources */ = {isa = PBXBuildFile; fileRef = 1A10DDDC2B6D04690020EBB0 /* HourDivider.swift */; };
		1A10DDDF2B6D0BA50020EBB0 /* MockTimetableEntry.swift in Sources */ = {isa = PBXBuildFile; fileRef = 1A10DDDE2B6D0BA50020EBB0 /* MockTimetableEntry.swift */; };
		1A10DDE12B6D0D360020EBB0 /* TimetableEntryTile.swift in Sources */ = {isa = PBXBuildFile; fileRef = 1A10DDE02B6D0D360020EBB0 /* TimetableEntryTile.swift */; };
		1A3122D32B6DE971009C335D /* WeekHeader.swift in Sources */ = {isa = PBXBuildFile; fileRef = 1A3122D22B6DE971009C335D /* WeekHeader.swift */; };
		1A3122D52B6DEA6C009C335D /* DayButton.swift in Sources */ = {isa = PBXBuildFile; fileRef = 1A3122D42B6DEA6C009C335D /* DayButton.swift */; };
		1A527E592B6A839900484C50 /* Lab_MonitorApp.swift in Sources */ = {isa = PBXBuildFile; fileRef = 1A527E582B6A839900484C50 /* Lab_MonitorApp.swift */; };
		1A527E5B2B6A839900484C50 /* EntriesListView.swift in Sources */ = {isa = PBXBuildFile; fileRef = 1A527E5A2B6A839900484C50 /* EntriesListView.swift */; };
		1A527E5D2B6A839A00484C50 /* Assets.xcassets in Resources */ = {isa = PBXBuildFile; fileRef = 1A527E5C2B6A839A00484C50 /* Assets.xcassets */; };
		1A527E612B6A839A00484C50 /* Preview Assets.xcassets in Resources */ = {isa = PBXBuildFile; fileRef = 1A527E602B6A839A00484C50 /* Preview Assets.xcassets */; };
		1A527E692B6A88A400484C50 /* ActivityRepository.swift in Sources */ = {isa = PBXBuildFile; fileRef = 1A527E682B6A88A400484C50 /* ActivityRepository.swift */; };
		1A527E732B6A8C6300484C50 /* Year.swift in Sources */ = {isa = PBXBuildFile; fileRef = 1A527E722B6A8C6300484C50 /* Year.swift */; };
		1A527E752B6A8DFC00484C50 /* Lab.swift in Sources */ = {isa = PBXBuildFile; fileRef = 1A527E742B6A8DFC00484C50 /* Lab.swift */; };
		1A527E7A2B6A91C900484C50 /* TimetableParser in Frameworks */ = {isa = PBXBuildFile; productRef = 1A527E792B6A91C900484C50 /* TimetableParser */; };
		1A527E7C2B6A935000484C50 /* NSDataAsset+decode.swift in Sources */ = {isa = PBXBuildFile; fileRef = 1A527E7B2B6A935000484C50 /* NSDataAsset+decode.swift */; };
		1AB6EB452B6D47F800A55C24 /* LabsScreen.swift in Sources */ = {isa = PBXBuildFile; fileRef = 1AB6EB442B6D47F800A55C24 /* LabsScreen.swift */; };
		1AB6EB472B6D49EA00A55C24 /* NavigationDestination.swift in Sources */ = {isa = PBXBuildFile; fileRef = 1AB6EB462B6D49EA00A55C24 /* NavigationDestination.swift */; };
		1AB6EB492B6D4EB200A55C24 /* LabTabScreen.swift in Sources */ = {isa = PBXBuildFile; fileRef = 1AB6EB482B6D4EB200A55C24 /* LabTabScreen.swift */; };
		1AB6EB4B2B6DDD5700A55C24 /* TimetableEntry+color.swift in Sources */ = {isa = PBXBuildFile; fileRef = 1AB6EB4A2B6DDD5700A55C24 /* TimetableEntry+color.swift */; };
		1AB6EB4D2B6DE13700A55C24 /* Calendar+gregorianMonday.swift in Sources */ = {isa = PBXBuildFile; fileRef = 1AB6EB4C2B6DE13700A55C24 /* Calendar+gregorianMonday.swift */; };
		1AB6EB4F2B6DE42500A55C24 /* Calendar+daysOfWeek.swift in Sources */ = {isa = PBXBuildFile; fileRef = 1AB6EB4E2B6DE42500A55C24 /* Calendar+daysOfWeek.swift */; };
		1AF3F68F2B6E94DB0075E664 /* NavigationModel.swift in Sources */ = {isa = PBXBuildFile; fileRef = 1AF3F68E2B6E94DB0075E664 /* NavigationModel.swift */; };
/* End PBXBuildFile section */

/* Begin PBXFileReference section */
		1A10DDDC2B6D04690020EBB0 /* HourDivider.swift */ = {isa = PBXFileReference; lastKnownFileType = sourcecode.swift; path = HourDivider.swift; sourceTree = "<group>"; };
		1A10DDDE2B6D0BA50020EBB0 /* MockTimetableEntry.swift */ = {isa = PBXFileReference; lastKnownFileType = sourcecode.swift; path = MockTimetableEntry.swift; sourceTree = "<group>"; };
		1A10DDE02B6D0D360020EBB0 /* TimetableEntryTile.swift */ = {isa = PBXFileReference; lastKnownFileType = sourcecode.swift; path = TimetableEntryTile.swift; sourceTree = "<group>"; };
		1A3122D22B6DE971009C335D /* WeekHeader.swift */ = {isa = PBXFileReference; lastKnownFileType = sourcecode.swift; path = WeekHeader.swift; sourceTree = "<group>"; };
		1A3122D42B6DEA6C009C335D /* DayButton.swift */ = {isa = PBXFileReference; lastKnownFileType = sourcecode.swift; path = DayButton.swift; sourceTree = "<group>"; };
		1A527E552B6A839900484C50 /* Lab Monitor.app */ = {isa = PBXFileReference; explicitFileType = wrapper.application; includeInIndex = 0; path = "Lab Monitor.app"; sourceTree = BUILT_PRODUCTS_DIR; };
		1A527E582B6A839900484C50 /* Lab_MonitorApp.swift */ = {isa = PBXFileReference; lastKnownFileType = sourcecode.swift; path = Lab_MonitorApp.swift; sourceTree = "<group>"; };
		1A527E5A2B6A839900484C50 /* EntriesListView.swift */ = {isa = PBXFileReference; lastKnownFileType = sourcecode.swift; path = EntriesListView.swift; sourceTree = "<group>"; };
		1A527E5C2B6A839A00484C50 /* Assets.xcassets */ = {isa = PBXFileReference; lastKnownFileType = folder.assetcatalog; path = Assets.xcassets; sourceTree = "<group>"; };
		1A527E5E2B6A839A00484C50 /* Lab_Monitor.entitlements */ = {isa = PBXFileReference; lastKnownFileType = text.plist.entitlements; path = Lab_Monitor.entitlements; sourceTree = "<group>"; };
		1A527E602B6A839A00484C50 /* Preview Assets.xcassets */ = {isa = PBXFileReference; lastKnownFileType = folder.assetcatalog; path = "Preview Assets.xcassets"; sourceTree = "<group>"; };
		1A527E682B6A88A400484C50 /* ActivityRepository.swift */ = {isa = PBXFileReference; lastKnownFileType = sourcecode.swift; path = ActivityRepository.swift; sourceTree = "<group>"; };
		1A527E722B6A8C6300484C50 /* Year.swift */ = {isa = PBXFileReference; lastKnownFileType = sourcecode.swift; path = Year.swift; sourceTree = "<group>"; };
		1A527E742B6A8DFC00484C50 /* Lab.swift */ = {isa = PBXFileReference; lastKnownFileType = sourcecode.swift; path = Lab.swift; sourceTree = "<group>"; };
		1A527E7B2B6A935000484C50 /* NSDataAsset+decode.swift */ = {isa = PBXFileReference; lastKnownFileType = sourcecode.swift; path = "NSDataAsset+decode.swift"; sourceTree = "<group>"; };
		1AB6EB442B6D47F800A55C24 /* LabsScreen.swift */ = {isa = PBXFileReference; lastKnownFileType = sourcecode.swift; path = LabsScreen.swift; sourceTree = "<group>"; };
		1AB6EB462B6D49EA00A55C24 /* NavigationDestination.swift */ = {isa = PBXFileReference; lastKnownFileType = sourcecode.swift; path = NavigationDestination.swift; sourceTree = "<group>"; };
		1AB6EB482B6D4EB200A55C24 /* LabTabScreen.swift */ = {isa = PBXFileReference; lastKnownFileType = sourcecode.swift; path = LabTabScreen.swift; sourceTree = "<group>"; };
		1AB6EB4A2B6DDD5700A55C24 /* TimetableEntry+color.swift */ = {isa = PBXFileReference; lastKnownFileType = sourcecode.swift; path = "TimetableEntry+color.swift"; sourceTree = "<group>"; };
		1AB6EB4C2B6DE13700A55C24 /* Calendar+gregorianMonday.swift */ = {isa = PBXFileReference; lastKnownFileType = sourcecode.swift; path = "Calendar+gregorianMonday.swift"; sourceTree = "<group>"; };
		1AB6EB4E2B6DE42500A55C24 /* Calendar+daysOfWeek.swift */ = {isa = PBXFileReference; lastKnownFileType = sourcecode.swift; path = "Calendar+daysOfWeek.swift"; sourceTree = "<group>"; };
		1AF3F68E2B6E94DB0075E664 /* NavigationModel.swift */ = {isa = PBXFileReference; lastKnownFileType = sourcecode.swift; path = NavigationModel.swift; sourceTree = "<group>"; };
/* End PBXFileReference section */

/* Begin PBXFrameworksBuildPhase section */
		1A527E522B6A839900484C50 /* Frameworks */ = {
			isa = PBXFrameworksBuildPhase;
			buildActionMask = 2147483647;
			files = (
				1A527E7A2B6A91C900484C50 /* TimetableParser in Frameworks */,
			);
			runOnlyForDeploymentPostprocessing = 0;
		};
/* End PBXFrameworksBuildPhase section */

/* Begin PBXGroup section */
		1A10DDDB2B6D044B0020EBB0 /* Views */ = {
			isa = PBXGroup;
			children = (
				1A527E5A2B6A839900484C50 /* EntriesListView.swift */,
				1A10DDDC2B6D04690020EBB0 /* HourDivider.swift */,
				1A10DDE02B6D0D360020EBB0 /* TimetableEntryTile.swift */,
				1AB6EB442B6D47F800A55C24 /* LabsScreen.swift */,
				1AB6EB482B6D4EB200A55C24 /* LabTabScreen.swift */,
				1A3122D22B6DE971009C335D /* WeekHeader.swift */,
				1A3122D42B6DEA6C009C335D /* DayButton.swift */,
			);
			path = Views;
			sourceTree = "<group>";
		};
		1A527E4C2B6A839900484C50 = {
			isa = PBXGroup;
			children = (
				1A527E572B6A839900484C50 /* Lab Monitor */,
				1A527E562B6A839900484C50 /* Products */,
			);
			sourceTree = "<group>";
		};
		1A527E562B6A839900484C50 /* Products */ = {
			isa = PBXGroup;
			children = (
				1A527E552B6A839900484C50 /* Lab Monitor.app */,
			);
			name = Products;
			sourceTree = "<group>";
		};
		1A527E572B6A839900484C50 /* Lab Monitor */ = {
			isa = PBXGroup;
			children = (
				1A527E6E2B6A8C2600484C50 /* Extensions */,
				1A527E712B6A8C5900484C50 /* Models */,
				1A527E672B6A889800484C50 /* Repositories */,
				1A10DDDB2B6D044B0020EBB0 /* Views */,
				1A527E582B6A839900484C50 /* Lab_MonitorApp.swift */,
				1A527E5C2B6A839A00484C50 /* Assets.xcassets */,
				1A527E5E2B6A839A00484C50 /* Lab_Monitor.entitlements */,
				1A527E5F2B6A839A00484C50 /* Preview Content */,
			);
			path = "Lab Monitor";
			sourceTree = "<group>";
		};
		1A527E5F2B6A839A00484C50 /* Preview Content */ = {
			isa = PBXGroup;
			children = (
				1A527E602B6A839A00484C50 /* Preview Assets.xcassets */,
			);
			path = "Preview Content";
			sourceTree = "<group>";
		};
		1A527E672B6A889800484C50 /* Repositories */ = {
			isa = PBXGroup;
			children = (
				1A527E682B6A88A400484C50 /* ActivityRepository.swift */,
			);
			path = Repositories;
			sourceTree = "<group>";
		};
		1A527E6E2B6A8C2600484C50 /* Extensions */ = {
			isa = PBXGroup;
			children = (
				1A527E7B2B6A935000484C50 /* NSDataAsset+decode.swift */,
				1A10DDDE2B6D0BA50020EBB0 /* MockTimetableEntry.swift */,
				1AB6EB4A2B6DDD5700A55C24 /* TimetableEntry+color.swift */,
				1AB6EB4C2B6DE13700A55C24 /* Calendar+gregorianMonday.swift */,
				1AB6EB4E2B6DE42500A55C24 /* Calendar+daysOfWeek.swift */,
			);
			path = Extensions;
			sourceTree = "<group>";
		};
		1A527E712B6A8C5900484C50 /* Models */ = {
			isa = PBXGroup;
			children = (
				1A527E722B6A8C6300484C50 /* Year.swift */,
				1A527E742B6A8DFC00484C50 /* Lab.swift */,
				1AB6EB462B6D49EA00A55C24 /* NavigationDestination.swift */,
				1AF3F68E2B6E94DB0075E664 /* NavigationModel.swift */,
			);
			path = Models;
			sourceTree = "<group>";
		};
/* End PBXGroup section */

/* Begin PBXNativeTarget section */
		1A527E542B6A839900484C50 /* Lab Monitor */ = {
			isa = PBXNativeTarget;
			buildConfigurationList = 1A527E642B6A839A00484C50 /* Build configuration list for PBXNativeTarget "Lab Monitor" */;
			buildPhases = (
				1A527E512B6A839900484C50 /* Sources */,
				1A527E522B6A839900484C50 /* Frameworks */,
				1A527E532B6A839900484C50 /* Resources */,
			);
			buildRules = (
			);
			dependencies = (
			);
			name = "Lab Monitor";
			packageProductDependencies = (
				1A527E792B6A91C900484C50 /* TimetableParser */,
			);
			productName = "Lab Monitor";
			productReference = 1A527E552B6A839900484C50 /* Lab Monitor.app */;
			productType = "com.apple.product-type.application";
		};
/* End PBXNativeTarget section */

/* Begin PBXProject section */
		1A527E4D2B6A839900484C50 /* Project object */ = {
			isa = PBXProject;
			attributes = {
				BuildIndependentTargetsInParallel = 1;
				LastSwiftUpdateCheck = 1520;
				LastUpgradeCheck = 1520;
				TargetAttributes = {
					1A527E542B6A839900484C50 = {
						CreatedOnToolsVersion = 15.2;
					};
				};
			};
			buildConfigurationList = 1A527E502B6A839900484C50 /* Build configuration list for PBXProject "Lab Monitor" */;
			compatibilityVersion = "Xcode 14.0";
			developmentRegion = en;
			hasScannedForEncodings = 0;
			knownRegions = (
				en,
				Base,
			);
			mainGroup = 1A527E4C2B6A839900484C50;
			packageReferences = (
				1A527E782B6A91C900484C50 /* XCRemoteSwiftPackageReference "timetable-parser" */,
			);
			productRefGroup = 1A527E562B6A839900484C50 /* Products */;
			projectDirPath = "";
			projectRoot = "";
			targets = (
				1A527E542B6A839900484C50 /* Lab Monitor */,
			);
		};
/* End PBXProject section */

/* Begin PBXResourcesBuildPhase section */
		1A527E532B6A839900484C50 /* Resources */ = {
			isa = PBXResourcesBuildPhase;
			buildActionMask = 2147483647;
			files = (
				1A527E612B6A839A00484C50 /* Preview Assets.xcassets in Resources */,
				1A527E5D2B6A839A00484C50 /* Assets.xcassets in Resources */,
			);
			runOnlyForDeploymentPostprocessing = 0;
		};
/* End PBXResourcesBuildPhase section */

/* Begin PBXSourcesBuildPhase section */
		1A527E512B6A839900484C50 /* Sources */ = {
			isa = PBXSourcesBuildPhase;
			buildActionMask = 2147483647;
			files = (
				1A3122D32B6DE971009C335D /* WeekHeader.swift in Sources */,
				1A527E692B6A88A400484C50 /* ActivityRepository.swift in Sources */,
				1AB6EB4F2B6DE42500A55C24 /* Calendar+daysOfWeek.swift in Sources */,
				1A527E5B2B6A839900484C50 /* EntriesListView.swift in Sources */,
				1A10DDE12B6D0D360020EBB0 /* TimetableEntryTile.swift in Sources */,
				1AF3F68F2B6E94DB0075E664 /* NavigationModel.swift in Sources */,
				1A527E732B6A8C6300484C50 /* Year.swift in Sources */,
				1A527E752B6A8DFC00484C50 /* Lab.swift in Sources */,
				1A10DDDD2B6D04690020EBB0 /* HourDivider.swift in Sources */,
				1A527E592B6A839900484C50 /* Lab_MonitorApp.swift in Sources */,
				1A10DDDF2B6D0BA50020EBB0 /* MockTimetableEntry.swift in Sources */,
				1AB6EB4D2B6DE13700A55C24 /* Calendar+gregorianMonday.swift in Sources */,
				1A3122D52B6DEA6C009C335D /* DayButton.swift in Sources */,
				1A527E7C2B6A935000484C50 /* NSDataAsset+decode.swift in Sources */,
				1AB6EB472B6D49EA00A55C24 /* NavigationDestination.swift in Sources */,
				1AB6EB4B2B6DDD5700A55C24 /* TimetableEntry+color.swift in Sources */,
				1AB6EB452B6D47F800A55C24 /* LabsScreen.swift in Sources */,
				1AB6EB492B6D4EB200A55C24 /* LabTabScreen.swift in Sources */,
			);
			runOnlyForDeploymentPostprocessing = 0;
		};
/* End PBXSourcesBuildPhase section */

/* Begin XCBuildConfiguration section */
		1A527E622B6A839A00484C50 /* Debug */ = {
			isa = XCBuildConfiguration;
			buildSettings = {
				ALWAYS_SEARCH_USER_PATHS = NO;
				ASSETCATALOG_COMPILER_GENERATE_SWIFT_ASSET_SYMBOL_EXTENSIONS = YES;
				CLANG_ANALYZER_NONNULL = YES;
				CLANG_ANALYZER_NUMBER_OBJECT_CONVERSION = YES_AGGRESSIVE;
				CLANG_CXX_LANGUAGE_STANDARD = "gnu++20";
				CLANG_ENABLE_MODULES = YES;
				CLANG_ENABLE_OBJC_ARC = YES;
				CLANG_ENABLE_OBJC_WEAK = YES;
				CLANG_WARN_BLOCK_CAPTURE_AUTORELEASING = YES;
				CLANG_WARN_BOOL_CONVERSION = YES;
				CLANG_WARN_COMMA = YES;
				CLANG_WARN_CONSTANT_CONVERSION = YES;
				CLANG_WARN_DEPRECATED_OBJC_IMPLEMENTATIONS = YES;
				CLANG_WARN_DIRECT_OBJC_ISA_USAGE = YES_ERROR;
				CLANG_WARN_DOCUMENTATION_COMMENTS = YES;
				CLANG_WARN_EMPTY_BODY = YES;
				CLANG_WARN_ENUM_CONVERSION = YES;
				CLANG_WARN_INFINITE_RECURSION = YES;
				CLANG_WARN_INT_CONVERSION = YES;
				CLANG_WARN_NON_LITERAL_NULL_CONVERSION = YES;
				CLANG_WARN_OBJC_IMPLICIT_RETAIN_SELF = YES;
				CLANG_WARN_OBJC_LITERAL_CONVERSION = YES;
				CLANG_WARN_OBJC_ROOT_CLASS = YES_ERROR;
				CLANG_WARN_QUOTED_INCLUDE_IN_FRAMEWORK_HEADER = YES;
				CLANG_WARN_RANGE_LOOP_ANALYSIS = YES;
				CLANG_WARN_STRICT_PROTOTYPES = YES;
				CLANG_WARN_SUSPICIOUS_MOVE = YES;
				CLANG_WARN_UNGUARDED_AVAILABILITY = YES_AGGRESSIVE;
				CLANG_WARN_UNREACHABLE_CODE = YES;
				CLANG_WARN__DUPLICATE_METHOD_MATCH = YES;
				COPY_PHASE_STRIP = NO;
				DEBUG_INFORMATION_FORMAT = dwarf;
				ENABLE_STRICT_OBJC_MSGSEND = YES;
				ENABLE_TESTABILITY = YES;
				ENABLE_USER_SCRIPT_SANDBOXING = YES;
				GCC_C_LANGUAGE_STANDARD = gnu17;
				GCC_DYNAMIC_NO_PIC = NO;
				GCC_NO_COMMON_BLOCKS = YES;
				GCC_OPTIMIZATION_LEVEL = 0;
				GCC_PREPROCESSOR_DEFINITIONS = (
					"DEBUG=1",
					"$(inherited)",
				);
				GCC_WARN_64_TO_32_BIT_CONVERSION = YES;
				GCC_WARN_ABOUT_RETURN_TYPE = YES_ERROR;
				GCC_WARN_UNDECLARED_SELECTOR = YES;
				GCC_WARN_UNINITIALIZED_AUTOS = YES_AGGRESSIVE;
				GCC_WARN_UNUSED_FUNCTION = YES;
				GCC_WARN_UNUSED_VARIABLE = YES;
				LOCALIZATION_PREFERS_STRING_CATALOGS = YES;
				MTL_ENABLE_DEBUG_INFO = INCLUDE_SOURCE;
				MTL_FAST_MATH = YES;
				ONLY_ACTIVE_ARCH = YES;
				SWIFT_ACTIVE_COMPILATION_CONDITIONS = "DEBUG $(inherited)";
				SWIFT_OPTIMIZATION_LEVEL = "-Onone";
			};
			name = Debug;
		};
		1A527E632B6A839A00484C50 /* Release */ = {
			isa = XCBuildConfiguration;
			buildSettings = {
				ALWAYS_SEARCH_USER_PATHS = NO;
				ASSETCATALOG_COMPILER_GENERATE_SWIFT_ASSET_SYMBOL_EXTENSIONS = YES;
				CLANG_ANALYZER_NONNULL = YES;
				CLANG_ANALYZER_NUMBER_OBJECT_CONVERSION = YES_AGGRESSIVE;
				CLANG_CXX_LANGUAGE_STANDARD = "gnu++20";
				CLANG_ENABLE_MODULES = YES;
				CLANG_ENABLE_OBJC_ARC = YES;
				CLANG_ENABLE_OBJC_WEAK = YES;
				CLANG_WARN_BLOCK_CAPTURE_AUTORELEASING = YES;
				CLANG_WARN_BOOL_CONVERSION = YES;
				CLANG_WARN_COMMA = YES;
				CLANG_WARN_CONSTANT_CONVERSION = YES;
				CLANG_WARN_DEPRECATED_OBJC_IMPLEMENTATIONS = YES;
				CLANG_WARN_DIRECT_OBJC_ISA_USAGE = YES_ERROR;
				CLANG_WARN_DOCUMENTATION_COMMENTS = YES;
				CLANG_WARN_EMPTY_BODY = YES;
				CLANG_WARN_ENUM_CONVERSION = YES;
				CLANG_WARN_INFINITE_RECURSION = YES;
				CLANG_WARN_INT_CONVERSION = YES;
				CLANG_WARN_NON_LITERAL_NULL_CONVERSION = YES;
				CLANG_WARN_OBJC_IMPLICIT_RETAIN_SELF = YES;
				CLANG_WARN_OBJC_LITERAL_CONVERSION = YES;
				CLANG_WARN_OBJC_ROOT_CLASS = YES_ERROR;
				CLANG_WARN_QUOTED_INCLUDE_IN_FRAMEWORK_HEADER = YES;
				CLANG_WARN_RANGE_LOOP_ANALYSIS = YES;
				CLANG_WARN_STRICT_PROTOTYPES = YES;
				CLANG_WARN_SUSPICIOUS_MOVE = YES;
				CLANG_WARN_UNGUARDED_AVAILABILITY = YES_AGGRESSIVE;
				CLANG_WARN_UNREACHABLE_CODE = YES;
				CLANG_WARN__DUPLICATE_METHOD_MATCH = YES;
				COPY_PHASE_STRIP = NO;
				DEBUG_INFORMATION_FORMAT = "dwarf-with-dsym";
				ENABLE_NS_ASSERTIONS = NO;
				ENABLE_STRICT_OBJC_MSGSEND = YES;
				ENABLE_USER_SCRIPT_SANDBOXING = YES;
				GCC_C_LANGUAGE_STANDARD = gnu17;
				GCC_NO_COMMON_BLOCKS = YES;
				GCC_WARN_64_TO_32_BIT_CONVERSION = YES;
				GCC_WARN_ABOUT_RETURN_TYPE = YES_ERROR;
				GCC_WARN_UNDECLARED_SELECTOR = YES;
				GCC_WARN_UNINITIALIZED_AUTOS = YES_AGGRESSIVE;
				GCC_WARN_UNUSED_FUNCTION = YES;
				GCC_WARN_UNUSED_VARIABLE = YES;
				LOCALIZATION_PREFERS_STRING_CATALOGS = YES;
				MTL_ENABLE_DEBUG_INFO = NO;
				MTL_FAST_MATH = YES;
				SWIFT_COMPILATION_MODE = wholemodule;
			};
			name = Release;
		};
		1A527E652B6A839A00484C50 /* Debug */ = {
			isa = XCBuildConfiguration;
			buildSettings = {
				ASSETCATALOG_COMPILER_APPICON_NAME = AppIcon;
				ASSETCATALOG_COMPILER_GLOBAL_ACCENT_COLOR_NAME = AccentColor;
				CODE_SIGN_ENTITLEMENTS = "Lab Monitor/Lab_Monitor.entitlements";
				CODE_SIGN_STYLE = Automatic;
				CURRENT_PROJECT_VERSION = 3;
				DEVELOPMENT_ASSET_PATHS = "\"Lab Monitor/Preview Content\"";
				DEVELOPMENT_TEAM = PFNS8PTRM7;
				ENABLE_HARDENED_RUNTIME = YES;
				ENABLE_PREVIEWS = YES;
				GENERATE_INFOPLIST_FILE = YES;
				INFOPLIST_KEY_LSApplicationCategoryType = "public.app-category.utilities";
				"INFOPLIST_KEY_UIApplicationSceneManifest_Generation[sdk=iphoneos*]" = YES;
				"INFOPLIST_KEY_UIApplicationSceneManifest_Generation[sdk=iphonesimulator*]" = YES;
				"INFOPLIST_KEY_UIApplicationSupportsIndirectInputEvents[sdk=iphoneos*]" = YES;
				"INFOPLIST_KEY_UIApplicationSupportsIndirectInputEvents[sdk=iphonesimulator*]" = YES;
				"INFOPLIST_KEY_UILaunchScreen_Generation[sdk=iphoneos*]" = YES;
				"INFOPLIST_KEY_UILaunchScreen_Generation[sdk=iphonesimulator*]" = YES;
				"INFOPLIST_KEY_UIStatusBarStyle[sdk=iphoneos*]" = UIStatusBarStyleDefault;
				"INFOPLIST_KEY_UIStatusBarStyle[sdk=iphonesimulator*]" = UIStatusBarStyleDefault;
				INFOPLIST_KEY_UISupportedInterfaceOrientations = UIInterfaceOrientationPortrait;
				INFOPLIST_KEY_UISupportedInterfaceOrientations_iPad = "UIInterfaceOrientationLandscapeLeft UIInterfaceOrientationLandscapeRight UIInterfaceOrientationPortrait UIInterfaceOrientationPortraitUpsideDown";
				IPHONEOS_DEPLOYMENT_TARGET = 17.0;
				LD_RUNPATH_SEARCH_PATHS = "@executable_path/Frameworks";
				"LD_RUNPATH_SEARCH_PATHS[sdk=macosx*]" = "@executable_path/../Frameworks";
				MACOSX_DEPLOYMENT_TARGET = 14.2;
				MARKETING_VERSION = 1.2;
				PRODUCT_BUNDLE_IDENTIFIER = "com.unicornsonlsd.Lab-Monitor";
				PRODUCT_NAME = "$(TARGET_NAME)";
				SDKROOT = auto;
				SUPPORTED_PLATFORMS = "iphoneos iphonesimulator";
				SUPPORTS_MACCATALYST = NO;
				SWIFT_EMIT_LOC_STRINGS = YES;
				SWIFT_VERSION = 5.0;
				TARGETED_DEVICE_FAMILY = "1,2";
			};
			name = Debug;
		};
		1A527E662B6A839A00484C50 /* Release */ = {
			isa = XCBuildConfiguration;
			buildSettings = {
				ASSETCATALOG_COMPILER_APPICON_NAME = AppIcon;
				ASSETCATALOG_COMPILER_GLOBAL_ACCENT_COLOR_NAME = AccentColor;
				CODE_SIGN_ENTITLEMENTS = "Lab Monitor/Lab_Monitor.entitlements";
				CODE_SIGN_STYLE = Automatic;
				CURRENT_PROJECT_VERSION = 3;
				DEVELOPMENT_ASSET_PATHS = "\"Lab Monitor/Preview Content\"";
				DEVELOPMENT_TEAM = PFNS8PTRM7;
				ENABLE_HARDENED_RUNTIME = YES;
				ENABLE_PREVIEWS = YES;
				GENERATE_INFOPLIST_FILE = YES;
				INFOPLIST_KEY_LSApplicationCategoryType = "public.app-category.utilities";
				"INFOPLIST_KEY_UIApplicationSceneManifest_Generation[sdk=iphoneos*]" = YES;
				"INFOPLIST_KEY_UIApplicationSceneManifest_Generation[sdk=iphonesimulator*]" = YES;
				"INFOPLIST_KEY_UIApplicationSupportsIndirectInputEvents[sdk=iphoneos*]" = YES;
				"INFOPLIST_KEY_UIApplicationSupportsIndirectInputEvents[sdk=iphonesimulator*]" = YES;
				"INFOPLIST_KEY_UILaunchScreen_Generation[sdk=iphoneos*]" = YES;
				"INFOPLIST_KEY_UILaunchScreen_Generation[sdk=iphonesimulator*]" = YES;
				"INFOPLIST_KEY_UIStatusBarStyle[sdk=iphoneos*]" = UIStatusBarStyleDefault;
				"INFOPLIST_KEY_UIStatusBarStyle[sdk=iphonesimulator*]" = UIStatusBarStyleDefault;
				INFOPLIST_KEY_UISupportedInterfaceOrientations = UIInterfaceOrientationPortrait;
				INFOPLIST_KEY_UISupportedInterfaceOrientations_iPad = "UIInterfaceOrientationLandscapeLeft UIInterfaceOrientationLandscapeRight UIInterfaceOrientationPortrait UIInterfaceOrientationPortraitUpsideDown";
				IPHONEOS_DEPLOYMENT_TARGET = 17.0;
				LD_RUNPATH_SEARCH_PATHS = "@executable_path/Frameworks";
				"LD_RUNPATH_SEARCH_PATHS[sdk=macosx*]" = "@executable_path/../Frameworks";
				MACOSX_DEPLOYMENT_TARGET = 14.2;
				MARKETING_VERSION = 1.2;
				PRODUCT_BUNDLE_IDENTIFIER = "com.unicornsonlsd.Lab-Monitor";
				PRODUCT_NAME = "$(TARGET_NAME)";
				SDKROOT = auto;
				SUPPORTED_PLATFORMS = "iphoneos iphonesimulator";
				SUPPORTS_MACCATALYST = NO;
				SWIFT_EMIT_LOC_STRINGS = YES;
				SWIFT_VERSION = 5.0;
				TARGETED_DEVICE_FAMILY = "1,2";
			};
			name = Release;
		};
/* End XCBuildConfiguration section */

/* Begin XCConfigurationList section */
		1A527E502B6A839900484C50 /* Build configuration list for PBXProject "Lab Monitor" */ = {
			isa = XCConfigurationList;
			buildConfigurations = (
				1A527E622B6A839A00484C50 /* Debug */,
				1A527E632B6A839A00484C50 /* Release */,
			);
			defaultConfigurationIsVisible = 0;
			defaultConfigurationName = Release;
		};
		1A527E642B6A839A00484C50 /* Build configuration list for PBXNativeTarget "Lab Monitor" */ = {
			isa = XCConfigurationList;
			buildConfigurations = (
				1A527E652B6A839A00484C50 /* Debug */,
				1A527E662B6A839A00484C50 /* Release */,
			);
			defaultConfigurationIsVisible = 0;
			defaultConfigurationName = Release;
		};
/* End XCConfigurationList section */

/* Begin XCRemoteSwiftPackageReference section */
		1A527E782B6A91C900484C50 /* XCRemoteSwiftPackageReference "timetable-parser" */ = {
			isa = XCRemoteSwiftPackageReference;
			repositoryURL = "https://github.com/jmshrv/timetable-parser";
			requirement = {
				branch = main;
				kind = branch;
			};
		};
/* End XCRemoteSwiftPackageReference section */

/* Begin XCSwiftPackageProductDependency section */
		1A527E792B6A91C900484C50 /* TimetableParser */ = {
			isa = XCSwiftPackageProductDependency;
			package = 1A527E782B6A91C900484C50 /* XCRemoteSwiftPackageReference "timetable-parser" */;
			productName = TimetableParser;
		};
/* End XCSwiftPackageProductDependency section */
	};
	rootObject = 1A527E4D2B6A839900484C50 /* Project object */;
}
