{
  "pins" : [
    {
      "identity" : "swiftsoup",
      "kind" : "remoteSourceControl",
      "location" : "https://github.com/scinfu/SwiftSoup.git",
      "state" : {
        "revision" : "f83c097597094a04124eb6e0d1e894d24129af87",
        "version" : "2.7.0"
      }
    },
    {
      "identity" : "timetable-parser",
      "kind" : "remoteSourceControl",
      "location" : "https://github.com/jmshrv/timetable-parser",
      "state" : {
        "branch" : "main",
        "revision" : "bd0f1599210817e2d9a1d84b7d38677876cb2821"
      }
    }
  ],
  "version" : 2
}
